// !$*UTF8*$!
{
	archiveVersion = 1;
	classes = {
	};
	objectVersion = 56;
	objects = {

/* Begin PBXBuildFile section */
		7C5AA7232B52CEBC00F4FABB /* APIServiceTests.swift in Sources */ = {isa = PBXBuildFile; fileRef = 7C5AA7222B52CEBC00F4FABB /* APIServiceTests.swift */; };
		7C5D09F22B501ACD00FEC558 /* ImageCache.swift in Sources */ = {isa = PBXBuildFile; fileRef = 7C5D09EC2B501ACD00FEC558 /* ImageCache.swift */; };
		7C5D09F32B501ACD00FEC558 /* ImageMockURLSession.swift in Sources */ = {isa = PBXBuildFile; fileRef = 7C5D09EE2B501ACD00FEC558 /* ImageMockURLSession.swift */; };
		7C5D09F42B501ACD00FEC558 /* UIImageView+Download.swift in Sources */ = {isa = PBXBuildFile; fileRef = 7C5D09EF2B501ACD00FEC558 /* UIImageView+Download.swift */; };
		7C5D09F52B501ACD00FEC558 /* ImageSessionProtocol.swift in Sources */ = {isa = PBXBuildFile; fileRef = 7C5D09F12B501ACD00FEC558 /* ImageSessionProtocol.swift */; };
		7C5D09F92B501B1500FEC558 /* ImageCacheTests.swift in Sources */ = {isa = PBXBuildFile; fileRef = 7C5D09F72B501B1500FEC558 /* ImageCacheTests.swift */; };
		7C5D09FA2B501B1500FEC558 /* UIImageViewImageCacheTests.swift in Sources */ = {isa = PBXBuildFile; fileRef = 7C5D09F82B501B1500FEC558 /* UIImageViewImageCacheTests.swift */; };
		7C5D0A282B5020EC00FEC558 /* TSLogger.swift in Sources */ = {isa = PBXBuildFile; fileRef = 7C5D0A272B5020EC00FEC558 /* TSLogger.swift */; };
		7C5D0A302B5020FA00FEC558 /* APISessionProtocol.swift in Sources */ = {isa = PBXBuildFile; fileRef = 7C5D0A2A2B5020FA00FEC558 /* APISessionProtocol.swift */; };
		7C5D0A312B5020FA00FEC558 /* APIEndpoint.swift in Sources */ = {isa = PBXBuildFile; fileRef = 7C5D0A2B2B5020FA00FEC558 /* APIEndpoint.swift */; };
		7C5D0A322B5020FA00FEC558 /* SearchAPI.swift in Sources */ = {isa = PBXBuildFile; fileRef = 7C5D0A2D2B5020FA00FEC558 /* SearchAPI.swift */; };
		7C5D0A332B5020FA00FEC558 /* APIMockURLSession.swift in Sources */ = {isa = PBXBuildFile; fileRef = 7C5D0A2F2B5020FA00FEC558 /* APIMockURLSession.swift */; };
		7C5ED0042B515055000E67A6 /* RealBookClient.swift in Sources */ = {isa = PBXBuildFile; fileRef = 7C5ED0032B515055000E67A6 /* RealBookClient.swift */; };
		7C5ED0082B51896D000E67A6 /* NSLayoutConstraint+Extension.swift in Sources */ = {isa = PBXBuildFile; fileRef = 7C5ED0072B51896D000E67A6 /* NSLayoutConstraint+Extension.swift */; };
		7C5ED00D2B5199FA000E67A6 /* BookViewModelTests.swift in Sources */ = {isa = PBXBuildFile; fileRef = 7C5ED00C2B5199FA000E67A6 /* BookViewModelTests.swift */; };
		7C6F17442B50C0DE00FE4898 /* Array+Safe.swift in Sources */ = {isa = PBXBuildFile; fileRef = 7C6F17432B50C0DE00FE4898 /* Array+Safe.swift */; };
		7C6F17532B50C30B00FE4898 /* BookViewModel.swift in Sources */ = {isa = PBXBuildFile; fileRef = 7C6F17492B50C30B00FE4898 /* BookViewModel.swift */; };
		7C6F17542B50C30B00FE4898 /* BookItem.swift in Sources */ = {isa = PBXBuildFile; fileRef = 7C6F174B2B50C30B00FE4898 /* BookItem.swift */; };
		7C6F17552B50C30B00FE4898 /* MockBookClient.swift in Sources */ = {isa = PBXBuildFile; fileRef = 7C6F174D2B50C30B00FE4898 /* MockBookClient.swift */; };
		7C6F17562B50C30B00FE4898 /* BookAttributeTableViewCell.swift in Sources */ = {isa = PBXBuildFile; fileRef = 7C6F174F2B50C30B00FE4898 /* BookAttributeTableViewCell.swift */; };
		7C6F17572B50C30B00FE4898 /* BookViewController.swift in Sources */ = {isa = PBXBuildFile; fileRef = 7C6F17502B50C30B00FE4898 /* BookViewController.swift */; };
		7C6F17582B50C30B00FE4898 /* BookClient.swift in Sources */ = {isa = PBXBuildFile; fileRef = 7C6F17522B50C30B00FE4898 /* BookClient.swift */; };
		7C6F175A2B510F6200FE4898 /* BookImageTableViewCell.swift in Sources */ = {isa = PBXBuildFile; fileRef = 7C6F17592B510F6200FE4898 /* BookImageTableViewCell.swift */; };
		7C7D93552B4EA49D007DEDB8 /* AppDelegate.swift in Sources */ = {isa = PBXBuildFile; fileRef = 7C7D93542B4EA49D007DEDB8 /* AppDelegate.swift */; };
		7C7D93572B4EA49D007DEDB8 /* SceneDelegate.swift in Sources */ = {isa = PBXBuildFile; fileRef = 7C7D93562B4EA49D007DEDB8 /* SceneDelegate.swift */; };
		7C7D93592B4EA49D007DEDB8 /* ViewController.swift in Sources */ = {isa = PBXBuildFile; fileRef = 7C7D93582B4EA49D007DEDB8 /* ViewController.swift */; };
		7C7D935E2B4EA4A3007DEDB8 /* Assets.xcassets in Resources */ = {isa = PBXBuildFile; fileRef = 7C7D935D2B4EA4A3007DEDB8 /* Assets.xcassets */; };
		7C7D93612B4EA4A3007DEDB8 /* LaunchScreen.storyboard in Resources */ = {isa = PBXBuildFile; fileRef = 7C7D935F2B4EA4A3007DEDB8 /* LaunchScreen.storyboard */; };
		7C7D938A2B4EA60D007DEDB8 /* SearchViewController.swift in Sources */ = {isa = PBXBuildFile; fileRef = 7C7D93892B4EA60D007DEDB8 /* SearchViewController.swift */; };
		7C7D93902B4EA672007DEDB8 /* UIViewController+Preview.swift in Sources */ = {isa = PBXBuildFile; fileRef = 7C7D938F2B4EA672007DEDB8 /* UIViewController+Preview.swift */; };
		7C7D93922B4EA687007DEDB8 /* UIView+Preview.swift in Sources */ = {isa = PBXBuildFile; fileRef = 7C7D93912B4EA687007DEDB8 /* UIView+Preview.swift */; };
		7C7D93972B4EB043007DEDB8 /* APIService.swift in Sources */ = {isa = PBXBuildFile; fileRef = 7C7D93962B4EB043007DEDB8 /* APIService.swift */; };
		7CB722A92B51C58300E29B6E /* UIViewController+Error.swift in Sources */ = {isa = PBXBuildFile; fileRef = 7CB722A82B51C58300E29B6E /* UIViewController+Error.swift */; };
		7CD5D1822B4EC03E0088A8B0 /* SearchItem.swift in Sources */ = {isa = PBXBuildFile; fileRef = 7CD5D1812B4EC03E0088A8B0 /* SearchItem.swift */; };
		7CD5D1852B4EC0A00088A8B0 /* SearchTableViewCell.swift in Sources */ = {isa = PBXBuildFile; fileRef = 7CD5D1842B4EC0A00088A8B0 /* SearchTableViewCell.swift */; };
		7CD5D1872B4ECA390088A8B0 /* SearchViewModel.swift in Sources */ = {isa = PBXBuildFile; fileRef = 7CD5D1862B4ECA390088A8B0 /* SearchViewModel.swift */; };
		7CD5D18C2B4ECC2B0088A8B0 /* SearchResult.swift in Sources */ = {isa = PBXBuildFile; fileRef = 7CD5D18B2B4ECC2B0088A8B0 /* SearchResult.swift */; };
		7CD5D18F2B4ECFED0088A8B0 /* SearchClient.swift in Sources */ = {isa = PBXBuildFile; fileRef = 7CD5D18E2B4ECFED0088A8B0 /* SearchClient.swift */; };
		7CD5D1932B4ED0900088A8B0 /* RealSearchClient.swift in Sources */ = {isa = PBXBuildFile; fileRef = 7CD5D1922B4ED0900088A8B0 /* RealSearchClient.swift */; };
		7CD5D1952B4ED09B0088A8B0 /* MockSearchClient.swift in Sources */ = {isa = PBXBuildFile; fileRef = 7CD5D1942B4ED09B0088A8B0 /* MockSearchClient.swift */; };
		7CD5D1982B4ED3510088A8B0 /* UITableViewCell+Extension.swift in Sources */ = {isa = PBXBuildFile; fileRef = 7CD5D1972B4ED3510088A8B0 /* UITableViewCell+Extension.swift */; };
		7CD5D19A2B4F009A0088A8B0 /* SearchViewModelTests.swift in Sources */ = {isa = PBXBuildFile; fileRef = 7CD5D1992B4F009A0088A8B0 /* SearchViewModelTests.swift */; };
/* End PBXBuildFile section */

/* Begin PBXContainerItemProxy section */
		7C7D93682B4EA4A3007DEDB8 /* PBXContainerItemProxy */ = {
			isa = PBXContainerItemProxy;
			containerPortal = 7C7D93492B4EA49C007DEDB8 /* Project object */;
			proxyType = 1;
			remoteGlobalIDString = 7C7D93502B4EA49D007DEDB8;
			remoteInfo = ITBook;
		};
/* End PBXContainerItemProxy section */

/* Begin PBXFileReference section */
		7C5AA7222B52CEBC00F4FABB /* APIServiceTests.swift */ = {isa = PBXFileReference; lastKnownFileType = sourcecode.swift; path = APIServiceTests.swift; sourceTree = "<group>"; };
		7C5D09EC2B501ACD00FEC558 /* ImageCache.swift */ = {isa = PBXFileReference; fileEncoding = 4; lastKnownFileType = sourcecode.swift; path = ImageCache.swift; sourceTree = "<group>"; };
		7C5D09EE2B501ACD00FEC558 /* ImageMockURLSession.swift */ = {isa = PBXFileReference; fileEncoding = 4; lastKnownFileType = sourcecode.swift; path = ImageMockURLSession.swift; sourceTree = "<group>"; };
		7C5D09EF2B501ACD00FEC558 /* UIImageView+Download.swift */ = {isa = PBXFileReference; fileEncoding = 4; lastKnownFileType = sourcecode.swift; path = "UIImageView+Download.swift"; sourceTree = "<group>"; };
		7C5D09F12B501ACD00FEC558 /* ImageSessionProtocol.swift */ = {isa = PBXFileReference; fileEncoding = 4; lastKnownFileType = sourcecode.swift; path = ImageSessionProtocol.swift; sourceTree = "<group>"; };
		7C5D09F72B501B1500FEC558 /* ImageCacheTests.swift */ = {isa = PBXFileReference; fileEncoding = 4; lastKnownFileType = sourcecode.swift; path = ImageCacheTests.swift; sourceTree = "<group>"; };
		7C5D09F82B501B1500FEC558 /* UIImageViewImageCacheTests.swift */ = {isa = PBXFileReference; fileEncoding = 4; lastKnownFileType = sourcecode.swift; path = UIImageViewImageCacheTests.swift; sourceTree = "<group>"; };
		7C5D0A272B5020EC00FEC558 /* TSLogger.swift */ = {isa = PBXFileReference; fileEncoding = 4; lastKnownFileType = sourcecode.swift; path = TSLogger.swift; sourceTree = "<group>"; };
		7C5D0A2A2B5020FA00FEC558 /* APISessionProtocol.swift */ = {isa = PBXFileReference; fileEncoding = 4; lastKnownFileType = sourcecode.swift; path = APISessionProtocol.swift; sourceTree = "<group>"; };
		7C5D0A2B2B5020FA00FEC558 /* APIEndpoint.swift */ = {isa = PBXFileReference; fileEncoding = 4; lastKnownFileType = sourcecode.swift; path = APIEndpoint.swift; sourceTree = "<group>"; };
		7C5D0A2D2B5020FA00FEC558 /* SearchAPI.swift */ = {isa = PBXFileReference; fileEncoding = 4; lastKnownFileType = sourcecode.swift; path = SearchAPI.swift; sourceTree = "<group>"; };
		7C5D0A2F2B5020FA00FEC558 /* APIMockURLSession.swift */ = {isa = PBXFileReference; fileEncoding = 4; lastKnownFileType = sourcecode.swift; path = APIMockURLSession.swift; sourceTree = "<group>"; };
		7C5ED0032B515055000E67A6 /* RealBookClient.swift */ = {isa = PBXFileReference; lastKnownFileType = sourcecode.swift; path = RealBookClient.swift; sourceTree = "<group>"; };
		7C5ED0072B51896D000E67A6 /* NSLayoutConstraint+Extension.swift */ = {isa = PBXFileReference; lastKnownFileType = sourcecode.swift; path = "NSLayoutConstraint+Extension.swift"; sourceTree = "<group>"; };
		7C5ED00C2B5199FA000E67A6 /* BookViewModelTests.swift */ = {isa = PBXFileReference; lastKnownFileType = sourcecode.swift; path = BookViewModelTests.swift; sourceTree = "<group>"; };
		7C6F17432B50C0DE00FE4898 /* Array+Safe.swift */ = {isa = PBXFileReference; fileEncoding = 4; lastKnownFileType = sourcecode.swift; path = "Array+Safe.swift"; sourceTree = "<group>"; };
		7C6F17492B50C30B00FE4898 /* BookViewModel.swift */ = {isa = PBXFileReference; fileEncoding = 4; lastKnownFileType = sourcecode.swift; path = BookViewModel.swift; sourceTree = "<group>"; };
		7C6F174B2B50C30B00FE4898 /* BookItem.swift */ = {isa = PBXFileReference; fileEncoding = 4; lastKnownFileType = sourcecode.swift; path = BookItem.swift; sourceTree = "<group>"; };
		7C6F174D2B50C30B00FE4898 /* MockBookClient.swift */ = {isa = PBXFileReference; fileEncoding = 4; lastKnownFileType = sourcecode.swift; path = MockBookClient.swift; sourceTree = "<group>"; };
		7C6F174F2B50C30B00FE4898 /* BookAttributeTableViewCell.swift */ = {isa = PBXFileReference; fileEncoding = 4; lastKnownFileType = sourcecode.swift; path = BookAttributeTableViewCell.swift; sourceTree = "<group>"; };
		7C6F17502B50C30B00FE4898 /* BookViewController.swift */ = {isa = PBXFileReference; fileEncoding = 4; lastKnownFileType = sourcecode.swift; path = BookViewController.swift; sourceTree = "<group>"; };
		7C6F17522B50C30B00FE4898 /* BookClient.swift */ = {isa = PBXFileReference; fileEncoding = 4; lastKnownFileType = sourcecode.swift; path = BookClient.swift; sourceTree = "<group>"; };
		7C6F17592B510F6200FE4898 /* BookImageTableViewCell.swift */ = {isa = PBXFileReference; lastKnownFileType = sourcecode.swift; path = BookImageTableViewCell.swift; sourceTree = "<group>"; };
		7C7D93512B4EA49D007DEDB8 /* ITBook.app */ = {isa = PBXFileReference; explicitFileType = wrapper.application; includeInIndex = 0; path = ITBook.app; sourceTree = BUILT_PRODUCTS_DIR; };
		7C7D93542B4EA49D007DEDB8 /* AppDelegate.swift */ = {isa = PBXFileReference; lastKnownFileType = sourcecode.swift; path = AppDelegate.swift; sourceTree = "<group>"; };
		7C7D93562B4EA49D007DEDB8 /* SceneDelegate.swift */ = {isa = PBXFileReference; lastKnownFileType = sourcecode.swift; path = SceneDelegate.swift; sourceTree = "<group>"; };
		7C7D93582B4EA49D007DEDB8 /* ViewController.swift */ = {isa = PBXFileReference; lastKnownFileType = sourcecode.swift; path = ViewController.swift; sourceTree = "<group>"; };
		7C7D935D2B4EA4A3007DEDB8 /* Assets.xcassets */ = {isa = PBXFileReference; lastKnownFileType = folder.assetcatalog; path = Assets.xcassets; sourceTree = "<group>"; };
		7C7D93602B4EA4A3007DEDB8 /* Base */ = {isa = PBXFileReference; lastKnownFileType = file.storyboard; name = Base; path = Base.lproj/LaunchScreen.storyboard; sourceTree = "<group>"; };
		7C7D93622B4EA4A3007DEDB8 /* Info.plist */ = {isa = PBXFileReference; lastKnownFileType = text.plist.xml; path = Info.plist; sourceTree = "<group>"; };
		7C7D93672B4EA4A3007DEDB8 /* ITBookTests.xctest */ = {isa = PBXFileReference; explicitFileType = wrapper.cfbundle; includeInIndex = 0; path = ITBookTests.xctest; sourceTree = BUILT_PRODUCTS_DIR; };
		7C7D93892B4EA60D007DEDB8 /* SearchViewController.swift */ = {isa = PBXFileReference; lastKnownFileType = sourcecode.swift; path = SearchViewController.swift; sourceTree = "<group>"; };
		7C7D938F2B4EA672007DEDB8 /* UIViewController+Preview.swift */ = {isa = PBXFileReference; lastKnownFileType = sourcecode.swift; path = "UIViewController+Preview.swift"; sourceTree = "<group>"; };
		7C7D93912B4EA687007DEDB8 /* UIView+Preview.swift */ = {isa = PBXFileReference; lastKnownFileType = sourcecode.swift; path = "UIView+Preview.swift"; sourceTree = "<group>"; };
		7C7D93962B4EB043007DEDB8 /* APIService.swift */ = {isa = PBXFileReference; lastKnownFileType = sourcecode.swift; path = APIService.swift; sourceTree = "<group>"; };
		7CB722A82B51C58300E29B6E /* UIViewController+Error.swift */ = {isa = PBXFileReference; lastKnownFileType = sourcecode.swift; path = "UIViewController+Error.swift"; sourceTree = "<group>"; };
		7CD5D1812B4EC03E0088A8B0 /* SearchItem.swift */ = {isa = PBXFileReference; lastKnownFileType = sourcecode.swift; path = SearchItem.swift; sourceTree = "<group>"; };
		7CD5D1842B4EC0A00088A8B0 /* SearchTableViewCell.swift */ = {isa = PBXFileReference; lastKnownFileType = sourcecode.swift; path = SearchTableViewCell.swift; sourceTree = "<group>"; };
		7CD5D1862B4ECA390088A8B0 /* SearchViewModel.swift */ = {isa = PBXFileReference; lastKnownFileType = sourcecode.swift; path = SearchViewModel.swift; sourceTree = "<group>"; };
		7CD5D18B2B4ECC2B0088A8B0 /* SearchResult.swift */ = {isa = PBXFileReference; lastKnownFileType = sourcecode.swift; path = SearchResult.swift; sourceTree = "<group>"; };
		7CD5D18E2B4ECFED0088A8B0 /* SearchClient.swift */ = {isa = PBXFileReference; lastKnownFileType = sourcecode.swift; path = SearchClient.swift; sourceTree = "<group>"; };
		7CD5D1922B4ED0900088A8B0 /* RealSearchClient.swift */ = {isa = PBXFileReference; lastKnownFileType = sourcecode.swift; path = RealSearchClient.swift; sourceTree = "<group>"; };
		7CD5D1942B4ED09B0088A8B0 /* MockSearchClient.swift */ = {isa = PBXFileReference; lastKnownFileType = sourcecode.swift; path = MockSearchClient.swift; sourceTree = "<group>"; };
		7CD5D1972B4ED3510088A8B0 /* UITableViewCell+Extension.swift */ = {isa = PBXFileReference; lastKnownFileType = sourcecode.swift; path = "UITableViewCell+Extension.swift"; sourceTree = "<group>"; };
		7CD5D1992B4F009A0088A8B0 /* SearchViewModelTests.swift */ = {isa = PBXFileReference; lastKnownFileType = sourcecode.swift; path = SearchViewModelTests.swift; sourceTree = "<group>"; };
/* End PBXFileReference section */

/* Begin PBXFrameworksBuildPhase section */
		7C7D934E2B4EA49D007DEDB8 /* Frameworks */ = {
			isa = PBXFrameworksBuildPhase;
			buildActionMask = 2147483647;
			files = (
			);
			runOnlyForDeploymentPostprocessing = 0;
		};
		7C7D93642B4EA4A3007DEDB8 /* Frameworks */ = {
			isa = PBXFrameworksBuildPhase;
			buildActionMask = 2147483647;
			files = (
			);
			runOnlyForDeploymentPostprocessing = 0;
		};
/* End PBXFrameworksBuildPhase section */

/* Begin PBXGroup section */
		7C5D09EB2B501ACD00FEC558 /* TSImageCache */ = {
			isa = PBXGroup;
			children = (
				7C5D09ED2B501ACD00FEC558 /* Mock */,
				7C5D09F02B501ACD00FEC558 /* Protocols */,
				7C5D09EC2B501ACD00FEC558 /* ImageCache.swift */,
				7C5D09EF2B501ACD00FEC558 /* UIImageView+Download.swift */,
			);
			path = TSImageCache;
			sourceTree = "<group>";
		};
		7C5D09ED2B501ACD00FEC558 /* Mock */ = {
			isa = PBXGroup;
			children = (
				7C5D09EE2B501ACD00FEC558 /* ImageMockURLSession.swift */,
			);
			path = Mock;
			sourceTree = "<group>";
		};
		7C5D09F02B501ACD00FEC558 /* Protocols */ = {
			isa = PBXGroup;
			children = (
				7C5D09F12B501ACD00FEC558 /* ImageSessionProtocol.swift */,
			);
			path = Protocols;
			sourceTree = "<group>";
		};
		7C5D09F62B501AFE00FEC558 /* ImageCache */ = {
			isa = PBXGroup;
			children = (
				7C5D09F72B501B1500FEC558 /* ImageCacheTests.swift */,
				7C5D09F82B501B1500FEC558 /* UIImageViewImageCacheTests.swift */,
			);
			path = ImageCache;
			sourceTree = "<group>";
		};
		7C5D0A262B5020EC00FEC558 /* TSLogger */ = {
			isa = PBXGroup;
			children = (
				7C5D0A272B5020EC00FEC558 /* TSLogger.swift */,
			);
			path = TSLogger;
			sourceTree = "<group>";
		};
		7C5D0A292B5020FA00FEC558 /* Protocols */ = {
			isa = PBXGroup;
			children = (
				7C5D0A2A2B5020FA00FEC558 /* APISessionProtocol.swift */,
				7C5D0A2B2B5020FA00FEC558 /* APIEndpoint.swift */,
			);
			path = Protocols;
			sourceTree = "<group>";
		};
		7C5D0A2C2B5020FA00FEC558 /* Implementation */ = {
			isa = PBXGroup;
			children = (
				7C5D0A2D2B5020FA00FEC558 /* SearchAPI.swift */,
			);
			path = Implementation;
			sourceTree = "<group>";
		};
		7C5D0A2E2B5020FA00FEC558 /* Mock */ = {
			isa = PBXGroup;
			children = (
				7C5D0A2F2B5020FA00FEC558 /* APIMockURLSession.swift */,
			);
			path = Mock;
			sourceTree = "<group>";
		};
		7C5ED0022B515035000E67A6 /* Implementation */ = {
			isa = PBXGroup;
			children = (
				7C5ED0032B515055000E67A6 /* RealBookClient.swift */,
			);
			path = Implementation;
			sourceTree = "<group>";
		};
		7C5ED00B2B519993000E67A6 /* ViewModel */ = {
			isa = PBXGroup;
			children = (
				7C5ED00C2B5199FA000E67A6 /* BookViewModelTests.swift */,
				7CD5D1992B4F009A0088A8B0 /* SearchViewModelTests.swift */,
			);
			path = ViewModel;
			sourceTree = "<group>";
		};
		7C6F173F2B50C0C800FE4898 /* API */ = {
			isa = PBXGroup;
			children = (
				7C5AA7222B52CEBC00F4FABB /* APIServiceTests.swift */,
			);
			path = API;
			sourceTree = "<group>";
		};
		7C6F17422B50C0DE00FE4898 /* TSFoundationExtensions */ = {
			isa = PBXGroup;
			children = (
				7C6F17432B50C0DE00FE4898 /* Array+Safe.swift */,
			);
			path = TSFoundationExtensions;
			sourceTree = "<group>";
		};
		7C6F17482B50C30B00FE4898 /* Book */ = {
			isa = PBXGroup;
			children = (
				7C6F174A2B50C30B00FE4898 /* Entity */,
				7C5ED0022B515035000E67A6 /* Implementation */,
				7C6F174C2B50C30B00FE4898 /* Mock */,
				7C6F17512B50C30B00FE4898 /* Protocols */,
				7C6F174E2B50C30B00FE4898 /* Subviews */,
				7C6F17502B50C30B00FE4898 /* BookViewController.swift */,
				7C6F17492B50C30B00FE4898 /* BookViewModel.swift */,
			);
			path = Book;
			sourceTree = "<group>";
		};
		7C6F174A2B50C30B00FE4898 /* Entity */ = {
			isa = PBXGroup;
			children = (
				7C6F174B2B50C30B00FE4898 /* BookItem.swift */,
			);
			path = Entity;
			sourceTree = "<group>";
		};
		7C6F174C2B50C30B00FE4898 /* Mock */ = {
			isa = PBXGroup;
			children = (
				7C6F174D2B50C30B00FE4898 /* MockBookClient.swift */,
			);
			path = Mock;
			sourceTree = "<group>";
		};
		7C6F174E2B50C30B00FE4898 /* Subviews */ = {
			isa = PBXGroup;
			children = (
				7C6F17592B510F6200FE4898 /* BookImageTableViewCell.swift */,
				7C6F174F2B50C30B00FE4898 /* BookAttributeTableViewCell.swift */,
			);
			path = Subviews;
			sourceTree = "<group>";
		};
		7C6F17512B50C30B00FE4898 /* Protocols */ = {
			isa = PBXGroup;
			children = (
				7C6F17522B50C30B00FE4898 /* BookClient.swift */,
			);
			path = Protocols;
			sourceTree = "<group>";
		};
		7C7D93482B4EA49C007DEDB8 = {
			isa = PBXGroup;
			children = (
				7C7D93532B4EA49D007DEDB8 /* ITBook */,
				7C7D936A2B4EA4A3007DEDB8 /* ITBookTests */,
				7C7D93522B4EA49D007DEDB8 /* Products */,
			);
			sourceTree = "<group>";
		};
		7C7D93522B4EA49D007DEDB8 /* Products */ = {
			isa = PBXGroup;
			children = (
				7C7D93512B4EA49D007DEDB8 /* ITBook.app */,
				7C7D93672B4EA4A3007DEDB8 /* ITBookTests.xctest */,
			);
			name = Products;
			sourceTree = "<group>";
		};
		7C7D93532B4EA49D007DEDB8 /* ITBook */ = {
			isa = PBXGroup;
			children = (
				7C7D93842B4EA502007DEDB8 /* Sources */,
				7C7D93852B4EA519007DEDB8 /* Resources */,
				7C7D93582B4EA49D007DEDB8 /* ViewController.swift */,
			);
			path = ITBook;
			sourceTree = "<group>";
		};
		7C7D936A2B4EA4A3007DEDB8 /* ITBookTests */ = {
			isa = PBXGroup;
			children = (
				7C6F173F2B50C0C800FE4898 /* API */,
				7C5D09F62B501AFE00FEC558 /* ImageCache */,
				7C5ED00B2B519993000E67A6 /* ViewModel */,
			);
			path = ITBookTests;
			sourceTree = "<group>";
		};
		7C7D93842B4EA502007DEDB8 /* Sources */ = {
			isa = PBXGroup;
			children = (
				7C7D93862B4EA547007DEDB8 /* Application */,
				7C7D93932B4EA6FF007DEDB8 /* Core */,
				7C7D93872B4EA551007DEDB8 /* Feature */,
				7C7D938D2B4EA648007DEDB8 /* UI */,
			);
			path = Sources;
			sourceTree = "<group>";
		};
		7C7D93852B4EA519007DEDB8 /* Resources */ = {
			isa = PBXGroup;
			children = (
				7C7D935D2B4EA4A3007DEDB8 /* Assets.xcassets */,
				7C7D935F2B4EA4A3007DEDB8 /* LaunchScreen.storyboard */,
				7C7D93622B4EA4A3007DEDB8 /* Info.plist */,
			);
			path = Resources;
			sourceTree = "<group>";
		};
		7C7D93862B4EA547007DEDB8 /* Application */ = {
			isa = PBXGroup;
			children = (
				7C7D93542B4EA49D007DEDB8 /* AppDelegate.swift */,
				7C7D93562B4EA49D007DEDB8 /* SceneDelegate.swift */,
			);
			path = Application;
			sourceTree = "<group>";
		};
		7C7D93872B4EA551007DEDB8 /* Feature */ = {
			isa = PBXGroup;
			children = (
				7C6F17482B50C30B00FE4898 /* Book */,
				7C7D93882B4EA5F4007DEDB8 /* Search */,
			);
			path = Feature;
			sourceTree = "<group>";
		};
		7C7D93882B4EA5F4007DEDB8 /* Search */ = {
			isa = PBXGroup;
			children = (
				7CD5D18A2B4ECC0F0088A8B0 /* Entity */,
				7CD5D1902B4ED0730088A8B0 /* Implementation */,
				7CD5D1912B4ED07D0088A8B0 /* Mock */,
				7CD5D18D2B4ECFD90088A8B0 /* Protocols */,
				7CD5D1832B4EC08A0088A8B0 /* Subviews */,
				7C7D93892B4EA60D007DEDB8 /* SearchViewController.swift */,
				7CD5D1862B4ECA390088A8B0 /* SearchViewModel.swift */,
			);
			path = Search;
			sourceTree = "<group>";
		};
		7C7D938D2B4EA648007DEDB8 /* UI */ = {
			isa = PBXGroup;
			children = (
				7C5D09EB2B501ACD00FEC558 /* TSImageCache */,
				7C7D938E2B4EA650007DEDB8 /* TSPreviewHelper */,
				7CD5D1962B4ED32C0088A8B0 /* TSUIKitExtensions */,
			);
			path = UI;
			sourceTree = "<group>";
		};
		7C7D938E2B4EA650007DEDB8 /* TSPreviewHelper */ = {
			isa = PBXGroup;
			children = (
				7C7D93912B4EA687007DEDB8 /* UIView+Preview.swift */,
				7C7D938F2B4EA672007DEDB8 /* UIViewController+Preview.swift */,
			);
			path = TSPreviewHelper;
			sourceTree = "<group>";
		};
		7C7D93932B4EA6FF007DEDB8 /* Core */ = {
			isa = PBXGroup;
			children = (
				7C6F17422B50C0DE00FE4898 /* TSFoundationExtensions */,
				7C5D0A262B5020EC00FEC558 /* TSLogger */,
				7C7D93942B4EA71C007DEDB8 /* TSNetwork */,
			);
			path = Core;
			sourceTree = "<group>";
		};
		7C7D93942B4EA71C007DEDB8 /* TSNetwork */ = {
			isa = PBXGroup;
			children = (
				7C5D0A2C2B5020FA00FEC558 /* Implementation */,
				7C5D0A2E2B5020FA00FEC558 /* Mock */,
				7C5D0A292B5020FA00FEC558 /* Protocols */,
				7C7D93962B4EB043007DEDB8 /* APIService.swift */,
			);
			path = TSNetwork;
			sourceTree = "<group>";
		};
		7CD5D1832B4EC08A0088A8B0 /* Subviews */ = {
			isa = PBXGroup;
			children = (
				7CD5D1842B4EC0A00088A8B0 /* SearchTableViewCell.swift */,
			);
			path = Subviews;
			sourceTree = "<group>";
		};
		7CD5D18A2B4ECC0F0088A8B0 /* Entity */ = {
			isa = PBXGroup;
			children = (
				7CD5D1812B4EC03E0088A8B0 /* SearchItem.swift */,
				7CD5D18B2B4ECC2B0088A8B0 /* SearchResult.swift */,
			);
			path = Entity;
			sourceTree = "<group>";
		};
		7CD5D18D2B4ECFD90088A8B0 /* Protocols */ = {
			isa = PBXGroup;
			children = (
				7CD5D18E2B4ECFED0088A8B0 /* SearchClient.swift */,
			);
			path = Protocols;
			sourceTree = "<group>";
		};
		7CD5D1902B4ED0730088A8B0 /* Implementation */ = {
			isa = PBXGroup;
			children = (
				7CD5D1922B4ED0900088A8B0 /* RealSearchClient.swift */,
			);
			path = Implementation;
			sourceTree = "<group>";
		};
		7CD5D1912B4ED07D0088A8B0 /* Mock */ = {
			isa = PBXGroup;
			children = (
				7CD5D1942B4ED09B0088A8B0 /* MockSearchClient.swift */,
			);
			path = Mock;
			sourceTree = "<group>";
		};
		7CD5D1962B4ED32C0088A8B0 /* TSUIKitExtensions */ = {
			isa = PBXGroup;
			children = (
				7C5ED0072B51896D000E67A6 /* NSLayoutConstraint+Extension.swift */,
				7CD5D1972B4ED3510088A8B0 /* UITableViewCell+Extension.swift */,
				7CB722A82B51C58300E29B6E /* UIViewController+Error.swift */,
			);
			path = TSUIKitExtensions;
			sourceTree = "<group>";
		};
/* End PBXGroup section */

/* Begin PBXNativeTarget section */
		7C7D93502B4EA49D007DEDB8 /* ITBook */ = {
			isa = PBXNativeTarget;
			buildConfigurationList = 7C7D937B2B4EA4A3007DEDB8 /* Build configuration list for PBXNativeTarget "ITBook" */;
			buildPhases = (
				7C7D934D2B4EA49D007DEDB8 /* Sources */,
				7C7D934E2B4EA49D007DEDB8 /* Frameworks */,
				7C7D934F2B4EA49D007DEDB8 /* Resources */,
			);
			buildRules = (
			);
			dependencies = (
			);
			name = ITBook;
			productName = ITBook;
			productReference = 7C7D93512B4EA49D007DEDB8 /* ITBook.app */;
			productType = "com.apple.product-type.application";
		};
		7C7D93662B4EA4A3007DEDB8 /* ITBookTests */ = {
			isa = PBXNativeTarget;
			buildConfigurationList = 7C7D937E2B4EA4A3007DEDB8 /* Build configuration list for PBXNativeTarget "ITBookTests" */;
			buildPhases = (
				7C7D93632B4EA4A3007DEDB8 /* Sources */,
				7C7D93642B4EA4A3007DEDB8 /* Frameworks */,
				7C7D93652B4EA4A3007DEDB8 /* Resources */,
			);
			buildRules = (
			);
			dependencies = (
				7C7D93692B4EA4A3007DEDB8 /* PBXTargetDependency */,
			);
			name = ITBookTests;
			productName = ITBookTests;
			productReference = 7C7D93672B4EA4A3007DEDB8 /* ITBookTests.xctest */;
			productType = "com.apple.product-type.bundle.unit-test";
		};
/* End PBXNativeTarget section */

/* Begin PBXProject section */
		7C7D93492B4EA49C007DEDB8 /* Project object */ = {
			isa = PBXProject;
			attributes = {
				BuildIndependentTargetsInParallel = 1;
				LastSwiftUpdateCheck = 1510;
				LastUpgradeCheck = 1510;
				ORGANIZATIONNAME = "https://github.com/tsleedev";
				TargetAttributes = {
					7C7D93502B4EA49D007DEDB8 = {
						CreatedOnToolsVersion = 15.1;
					};
					7C7D93662B4EA4A3007DEDB8 = {
						CreatedOnToolsVersion = 15.1;
						TestTargetID = 7C7D93502B4EA49D007DEDB8;
					};
				};
			};
			buildConfigurationList = 7C7D934C2B4EA49C007DEDB8 /* Build configuration list for PBXProject "ITBook" */;
			compatibilityVersion = "Xcode 14.0";
			developmentRegion = en;
			hasScannedForEncodings = 0;
			knownRegions = (
				en,
				Base,
			);
			mainGroup = 7C7D93482B4EA49C007DEDB8;
			productRefGroup = 7C7D93522B4EA49D007DEDB8 /* Products */;
			projectDirPath = "";
			projectRoot = "";
			targets = (
				7C7D93502B4EA49D007DEDB8 /* ITBook */,
				7C7D93662B4EA4A3007DEDB8 /* ITBookTests */,
			);
		};
/* End PBXProject section */

/* Begin PBXResourcesBuildPhase section */
		7C7D934F2B4EA49D007DEDB8 /* Resources */ = {
			isa = PBXResourcesBuildPhase;
			buildActionMask = 2147483647;
			files = (
				7C7D93612B4EA4A3007DEDB8 /* LaunchScreen.storyboard in Resources */,
				7C7D935E2B4EA4A3007DEDB8 /* Assets.xcassets in Resources */,
			);
			runOnlyForDeploymentPostprocessing = 0;
		};
		7C7D93652B4EA4A3007DEDB8 /* Resources */ = {
			isa = PBXResourcesBuildPhase;
			buildActionMask = 2147483647;
			files = (
			);
			runOnlyForDeploymentPostprocessing = 0;
		};
/* End PBXResourcesBuildPhase section */

/* Begin PBXSourcesBuildPhase section */
		7C7D934D2B4EA49D007DEDB8 /* Sources */ = {
			isa = PBXSourcesBuildPhase;
			buildActionMask = 2147483647;
			files = (
				7CD5D1952B4ED09B0088A8B0 /* MockSearchClient.swift in Sources */,
				7CB722A92B51C58300E29B6E /* UIViewController+Error.swift in Sources */,
				7C5ED0082B51896D000E67A6 /* NSLayoutConstraint+Extension.swift in Sources */,
				7CD5D1872B4ECA390088A8B0 /* SearchViewModel.swift in Sources */,
				7C5D0A322B5020FA00FEC558 /* SearchAPI.swift in Sources */,
				7C6F17562B50C30B00FE4898 /* BookAttributeTableViewCell.swift in Sources */,
				7C6F17552B50C30B00FE4898 /* MockBookClient.swift in Sources */,
				7C5D0A312B5020FA00FEC558 /* APIEndpoint.swift in Sources */,
				7C5D09F22B501ACD00FEC558 /* ImageCache.swift in Sources */,
				7C5D0A302B5020FA00FEC558 /* APISessionProtocol.swift in Sources */,
				7C6F175A2B510F6200FE4898 /* BookImageTableViewCell.swift in Sources */,
				7C5D0A282B5020EC00FEC558 /* TSLogger.swift in Sources */,
				7C7D93592B4EA49D007DEDB8 /* ViewController.swift in Sources */,
				7CD5D1982B4ED3510088A8B0 /* UITableViewCell+Extension.swift in Sources */,
				7C5D09F32B501ACD00FEC558 /* ImageMockURLSession.swift in Sources */,
				7C7D93972B4EB043007DEDB8 /* APIService.swift in Sources */,
				7C5ED0042B515055000E67A6 /* RealBookClient.swift in Sources */,
				7C6F17442B50C0DE00FE4898 /* Array+Safe.swift in Sources */,
				7CD5D1822B4EC03E0088A8B0 /* SearchItem.swift in Sources */,
				7C6F17542B50C30B00FE4898 /* BookItem.swift in Sources */,
				7C6F17532B50C30B00FE4898 /* BookViewModel.swift in Sources */,
				7C7D93552B4EA49D007DEDB8 /* AppDelegate.swift in Sources */,
				7C5D09F52B501ACD00FEC558 /* ImageSessionProtocol.swift in Sources */,
				7C5D0A332B5020FA00FEC558 /* APIMockURLSession.swift in Sources */,
				7CD5D18C2B4ECC2B0088A8B0 /* SearchResult.swift in Sources */,
				7C7D938A2B4EA60D007DEDB8 /* SearchViewController.swift in Sources */,
				7C7D93922B4EA687007DEDB8 /* UIView+Preview.swift in Sources */,
				7C5D09F42B501ACD00FEC558 /* UIImageView+Download.swift in Sources */,
				7CD5D18F2B4ECFED0088A8B0 /* SearchClient.swift in Sources */,
				7C7D93902B4EA672007DEDB8 /* UIViewController+Preview.swift in Sources */,
				7C7D93572B4EA49D007DEDB8 /* SceneDelegate.swift in Sources */,
				7C6F17582B50C30B00FE4898 /* BookClient.swift in Sources */,
				7C6F17572B50C30B00FE4898 /* BookViewController.swift in Sources */,
				7CD5D1932B4ED0900088A8B0 /* RealSearchClient.swift in Sources */,
				7CD5D1852B4EC0A00088A8B0 /* SearchTableViewCell.swift in Sources */,
			);
			runOnlyForDeploymentPostprocessing = 0;
		};
		7C7D93632B4EA4A3007DEDB8 /* Sources */ = {
			isa = PBXSourcesBuildPhase;
			buildActionMask = 2147483647;
			files = (
				7C5AA7232B52CEBC00F4FABB /* APIServiceTests.swift in Sources */,
				7CD5D19A2B4F009A0088A8B0 /* SearchViewModelTests.swift in Sources */,
				7C5D09F92B501B1500FEC558 /* ImageCacheTests.swift in Sources */,
				7C5D09FA2B501B1500FEC558 /* UIImageViewImageCacheTests.swift in Sources */,
				7C5ED00D2B5199FA000E67A6 /* BookViewModelTests.swift in Sources */,
			);
			runOnlyForDeploymentPostprocessing = 0;
		};
/* End PBXSourcesBuildPhase section */

/* Begin PBXTargetDependency section */
		7C7D93692B4EA4A3007DEDB8 /* PBXTargetDependency */ = {
			isa = PBXTargetDependency;
			target = 7C7D93502B4EA49D007DEDB8 /* ITBook */;
			targetProxy = 7C7D93682B4EA4A3007DEDB8 /* PBXContainerItemProxy */;
		};
/* End PBXTargetDependency section */

/* Begin PBXVariantGroup section */
		7C7D935F2B4EA4A3007DEDB8 /* LaunchScreen.storyboard */ = {
			isa = PBXVariantGroup;
			children = (
				7C7D93602B4EA4A3007DEDB8 /* Base */,
			);
			name = LaunchScreen.storyboard;
			sourceTree = "<group>";
		};
/* End PBXVariantGroup section */

/* Begin XCBuildConfiguration section */
		7C7D93792B4EA4A3007DEDB8 /* Debug */ = {
			isa = XCBuildConfiguration;
			buildSettings = {
				ALWAYS_SEARCH_USER_PATHS = NO;
				ASSETCATALOG_COMPILER_GENERATE_SWIFT_ASSET_SYMBOL_EXTENSIONS = YES;
				CLANG_ANALYZER_NONNULL = YES;
				CLANG_ANALYZER_NUMBER_OBJECT_CONVERSION = YES_AGGRESSIVE;
				CLANG_CXX_LANGUAGE_STANDARD = "gnu++20";
				CLANG_ENABLE_MODULES = YES;
				CLANG_ENABLE_OBJC_ARC = YES;
				CLANG_ENABLE_OBJC_WEAK = YES;
				CLANG_WARN_BLOCK_CAPTURE_AUTORELEASING = YES;
				CLANG_WARN_BOOL_CONVERSION = YES;
				CLANG_WARN_COMMA = YES;
				CLANG_WARN_CONSTANT_CONVERSION = YES;
				CLANG_WARN_DEPRECATED_OBJC_IMPLEMENTATIONS = YES;
				CLANG_WARN_DIRECT_OBJC_ISA_USAGE = YES_ERROR;
				CLANG_WARN_DOCUMENTATION_COMMENTS = YES;
				CLANG_WARN_EMPTY_BODY = YES;
				CLANG_WARN_ENUM_CONVERSION = YES;
				CLANG_WARN_INFINITE_RECURSION = YES;
				CLANG_WARN_INT_CONVERSION = YES;
				CLANG_WARN_NON_LITERAL_NULL_CONVERSION = YES;
				CLANG_WARN_OBJC_IMPLICIT_RETAIN_SELF = YES;
				CLANG_WARN_OBJC_LITERAL_CONVERSION = YES;
				CLANG_WARN_OBJC_ROOT_CLASS = YES_ERROR;
				CLANG_WARN_QUOTED_INCLUDE_IN_FRAMEWORK_HEADER = YES;
				CLANG_WARN_RANGE_LOOP_ANALYSIS = YES;
				CLANG_WARN_STRICT_PROTOTYPES = YES;
				CLANG_WARN_SUSPICIOUS_MOVE = YES;
				CLANG_WARN_UNGUARDED_AVAILABILITY = YES_AGGRESSIVE;
				CLANG_WARN_UNREACHABLE_CODE = YES;
				CLANG_WARN__DUPLICATE_METHOD_MATCH = YES;
				COPY_PHASE_STRIP = NO;
				DEBUG_INFORMATION_FORMAT = dwarf;
				ENABLE_STRICT_OBJC_MSGSEND = YES;
				ENABLE_TESTABILITY = YES;
				ENABLE_USER_SCRIPT_SANDBOXING = YES;
				GCC_C_LANGUAGE_STANDARD = gnu17;
				GCC_DYNAMIC_NO_PIC = NO;
				GCC_NO_COMMON_BLOCKS = YES;
				GCC_OPTIMIZATION_LEVEL = 0;
				GCC_PREPROCESSOR_DEFINITIONS = (
					"DEBUG=1",
					"$(inherited)",
				);
				GCC_WARN_64_TO_32_BIT_CONVERSION = YES;
				GCC_WARN_ABOUT_RETURN_TYPE = YES_ERROR;
				GCC_WARN_UNDECLARED_SELECTOR = YES;
				GCC_WARN_UNINITIALIZED_AUTOS = YES_AGGRESSIVE;
				GCC_WARN_UNUSED_FUNCTION = YES;
				GCC_WARN_UNUSED_VARIABLE = YES;
				IPHONEOS_DEPLOYMENT_TARGET = 17.2;
				LOCALIZATION_PREFERS_STRING_CATALOGS = YES;
				MTL_ENABLE_DEBUG_INFO = INCLUDE_SOURCE;
				MTL_FAST_MATH = YES;
				ONLY_ACTIVE_ARCH = YES;
				SDKROOT = iphoneos;
				SWIFT_ACTIVE_COMPILATION_CONDITIONS = "DEBUG $(inherited)";
				SWIFT_OPTIMIZATION_LEVEL = "-Onone";
			};
			name = Debug;
		};
		7C7D937A2B4EA4A3007DEDB8 /* Release */ = {
			isa = XCBuildConfiguration;
			buildSettings = {
				ALWAYS_SEARCH_USER_PATHS = NO;
				ASSETCATALOG_COMPILER_GENERATE_SWIFT_ASSET_SYMBOL_EXTENSIONS = YES;
				CLANG_ANALYZER_NONNULL = YES;
				CLANG_ANALYZER_NUMBER_OBJECT_CONVERSION = YES_AGGRESSIVE;
				CLANG_CXX_LANGUAGE_STANDARD = "gnu++20";
				CLANG_ENABLE_MODULES = YES;
				CLANG_ENABLE_OBJC_ARC = YES;
				CLANG_ENABLE_OBJC_WEAK = YES;
				CLANG_WARN_BLOCK_CAPTURE_AUTORELEASING = YES;
				CLANG_WARN_BOOL_CONVERSION = YES;
				CLANG_WARN_COMMA = YES;
				CLANG_WARN_CONSTANT_CONVERSION = YES;
				CLANG_WARN_DEPRECATED_OBJC_IMPLEMENTATIONS = YES;
				CLANG_WARN_DIRECT_OBJC_ISA_USAGE = YES_ERROR;
				CLANG_WARN_DOCUMENTATION_COMMENTS = YES;
				CLANG_WARN_EMPTY_BODY = YES;
				CLANG_WARN_ENUM_CONVERSION = YES;
				CLANG_WARN_INFINITE_RECURSION = YES;
				CLANG_WARN_INT_CONVERSION = YES;
				CLANG_WARN_NON_LITERAL_NULL_CONVERSION = YES;
				CLANG_WARN_OBJC_IMPLICIT_RETAIN_SELF = YES;
				CLANG_WARN_OBJC_LITERAL_CONVERSION = YES;
				CLANG_WARN_OBJC_ROOT_CLASS = YES_ERROR;
				CLANG_WARN_QUOTED_INCLUDE_IN_FRAMEWORK_HEADER = YES;
				CLANG_WARN_RANGE_LOOP_ANALYSIS = YES;
				CLANG_WARN_STRICT_PROTOTYPES = YES;
				CLANG_WARN_SUSPICIOUS_MOVE = YES;
				CLANG_WARN_UNGUARDED_AVAILABILITY = YES_AGGRESSIVE;
				CLANG_WARN_UNREACHABLE_CODE = YES;
				CLANG_WARN__DUPLICATE_METHOD_MATCH = YES;
				COPY_PHASE_STRIP = NO;
				DEBUG_INFORMATION_FORMAT = "dwarf-with-dsym";
				ENABLE_NS_ASSERTIONS = NO;
				ENABLE_STRICT_OBJC_MSGSEND = YES;
				ENABLE_USER_SCRIPT_SANDBOXING = YES;
				GCC_C_LANGUAGE_STANDARD = gnu17;
				GCC_NO_COMMON_BLOCKS = YES;
				GCC_WARN_64_TO_32_BIT_CONVERSION = YES;
				GCC_WARN_ABOUT_RETURN_TYPE = YES_ERROR;
				GCC_WARN_UNDECLARED_SELECTOR = YES;
				GCC_WARN_UNINITIALIZED_AUTOS = YES_AGGRESSIVE;
				GCC_WARN_UNUSED_FUNCTION = YES;
				GCC_WARN_UNUSED_VARIABLE = YES;
				IPHONEOS_DEPLOYMENT_TARGET = 17.2;
				LOCALIZATION_PREFERS_STRING_CATALOGS = YES;
				MTL_ENABLE_DEBUG_INFO = NO;
				MTL_FAST_MATH = YES;
				SDKROOT = iphoneos;
				SWIFT_COMPILATION_MODE = wholemodule;
				VALIDATE_PRODUCT = YES;
			};
			name = Release;
		};
		7C7D937C2B4EA4A3007DEDB8 /* Debug */ = {
			isa = XCBuildConfiguration;
			buildSettings = {
				ASSETCATALOG_COMPILER_APPICON_NAME = AppIcon;
				ASSETCATALOG_COMPILER_GLOBAL_ACCENT_COLOR_NAME = AccentColor;
				CODE_SIGN_STYLE = Automatic;
				CURRENT_PROJECT_VERSION = 1;
				GENERATE_INFOPLIST_FILE = YES;
				INFOPLIST_FILE = ITBook/Resources/Info.plist;
				INFOPLIST_KEY_UIApplicationSupportsIndirectInputEvents = YES;
				INFOPLIST_KEY_UILaunchStoryboardName = LaunchScreen;
				INFOPLIST_KEY_UISupportedInterfaceOrientations_iPad = "UIInterfaceOrientationPortrait UIInterfaceOrientationPortraitUpsideDown UIInterfaceOrientationLandscapeLeft UIInterfaceOrientationLandscapeRight";
				INFOPLIST_KEY_UISupportedInterfaceOrientations_iPhone = "UIInterfaceOrientationPortrait UIInterfaceOrientationLandscapeLeft UIInterfaceOrientationLandscapeRight";
				IPHONEOS_DEPLOYMENT_TARGET = 14.0;
				LD_RUNPATH_SEARCH_PATHS = (
					"$(inherited)",
					"@executable_path/Frameworks",
				);
				MARKETING_VERSION = 1.0;
				PRODUCT_BUNDLE_IDENTIFIER = com.tsleedev.itbook;
				PRODUCT_NAME = "$(TARGET_NAME)";
				SWIFT_EMIT_LOC_STRINGS = YES;
				SWIFT_VERSION = 5.0;
				TARGETED_DEVICE_FAMILY = "1,2";
			};
			name = Debug;
		};
		7C7D937D2B4EA4A3007DEDB8 /* Release */ = {
			isa = XCBuildConfiguration;
			buildSettings = {
				ASSETCATALOG_COMPILER_APPICON_NAME = AppIcon;
				ASSETCATALOG_COMPILER_GLOBAL_ACCENT_COLOR_NAME = AccentColor;
				CODE_SIGN_STYLE = Automatic;
				CURRENT_PROJECT_VERSION = 1;
				GENERATE_INFOPLIST_FILE = YES;
				INFOPLIST_FILE = ITBook/Resources/Info.plist;
				INFOPLIST_KEY_UIApplicationSupportsIndirectInputEvents = YES;
				INFOPLIST_KEY_UILaunchStoryboardName = LaunchScreen;
				INFOPLIST_KEY_UISupportedInterfaceOrientations_iPad = "UIInterfaceOrientationPortrait UIInterfaceOrientationPortraitUpsideDown UIInterfaceOrientationLandscapeLeft UIInterfaceOrientationLandscapeRight";
				INFOPLIST_KEY_UISupportedInterfaceOrientations_iPhone = "UIInterfaceOrientationPortrait UIInterfaceOrientationLandscapeLeft UIInterfaceOrientationLandscapeRight";
				IPHONEOS_DEPLOYMENT_TARGET = 14.0;
				LD_RUNPATH_SEARCH_PATHS = (
					"$(inherited)",
					"@executable_path/Frameworks",
				);
				MARKETING_VERSION = 1.0;
				PRODUCT_BUNDLE_IDENTIFIER = com.tsleedev.itbook;
				PRODUCT_NAME = "$(TARGET_NAME)";
				SWIFT_EMIT_LOC_STRINGS = YES;
				SWIFT_VERSION = 5.0;
				TARGETED_DEVICE_FAMILY = "1,2";
			};
			name = Release;
		};
		7C7D937F2B4EA4A3007DEDB8 /* Debug */ = {
			isa = XCBuildConfiguration;
			buildSettings = {
				ALWAYS_EMBED_SWIFT_STANDARD_LIBRARIES = YES;
				BUNDLE_LOADER = "$(TEST_HOST)";
				CODE_SIGN_STYLE = Automatic;
				CURRENT_PROJECT_VERSION = 1;
				GENERATE_INFOPLIST_FILE = YES;
				IPHONEOS_DEPLOYMENT_TARGET = 14.0;
				MARKETING_VERSION = 1.0;
				PRODUCT_BUNDLE_IDENTIFIER = com.taesu.ITBookTests;
				PRODUCT_NAME = "$(TARGET_NAME)";
				SWIFT_EMIT_LOC_STRINGS = NO;
				SWIFT_VERSION = 5.0;
				TARGETED_DEVICE_FAMILY = "1,2";
				TEST_HOST = "$(BUILT_PRODUCTS_DIR)/ITBook.app/$(BUNDLE_EXECUTABLE_FOLDER_PATH)/ITBook";
			};
			name = Debug;
		};
		7C7D93802B4EA4A3007DEDB8 /* Release */ = {
			isa = XCBuildConfiguration;
			buildSettings = {
				ALWAYS_EMBED_SWIFT_STANDARD_LIBRARIES = YES;
				BUNDLE_LOADER = "$(TEST_HOST)";
				CODE_SIGN_STYLE = Automatic;
				CURRENT_PROJECT_VERSION = 1;
				GENERATE_INFOPLIST_FILE = YES;
				IPHONEOS_DEPLOYMENT_TARGET = 14.0;
				MARKETING_VERSION = 1.0;
				PRODUCT_BUNDLE_IDENTIFIER = com.taesu.ITBookTests;
				PRODUCT_NAME = "$(TARGET_NAME)";
				SWIFT_EMIT_LOC_STRINGS = NO;
				SWIFT_VERSION = 5.0;
				TARGETED_DEVICE_FAMILY = "1,2";
				TEST_HOST = "$(BUILT_PRODUCTS_DIR)/ITBook.app/$(BUNDLE_EXECUTABLE_FOLDER_PATH)/ITBook";
			};
			name = Release;
		};
/* End XCBuildConfiguration section */

/* Begin XCConfigurationList section */
		7C7D934C2B4EA49C007DEDB8 /* Build configuration list for PBXProject "ITBook" */ = {
			isa = XCConfigurationList;
			buildConfigurations = (
				7C7D93792B4EA4A3007DEDB8 /* Debug */,
				7C7D937A2B4EA4A3007DEDB8 /* Release */,
			);
			defaultConfigurationIsVisible = 0;
			defaultConfigurationName = Release;
		};
		7C7D937B2B4EA4A3007DEDB8 /* Build configuration list for PBXNativeTarget "ITBook" */ = {
			isa = XCConfigurationList;
			buildConfigurations = (
				7C7D937C2B4EA4A3007DEDB8 /* Debug */,
				7C7D937D2B4EA4A3007DEDB8 /* Release */,
			);
			defaultConfigurationIsVisible = 0;
			defaultConfigurationName = Release;
		};
		7C7D937E2B4EA4A3007DEDB8 /* Build configuration list for PBXNativeTarget "ITBookTests" */ = {
			isa = XCConfigurationList;
			buildConfigurations = (
				7C7D937F2B4EA4A3007DEDB8 /* Debug */,
				7C7D93802B4EA4A3007DEDB8 /* Release */,
			);
			defaultConfigurationIsVisible = 0;
			defaultConfigurationName = Release;
		};
/* End XCConfigurationList section */
	};
	rootObject = 7C7D93492B4EA49C007DEDB8 /* Project object */;
}
